
Microsoft Visual Studio Solution File, Format Version 12.00
# Visual Studio Version 16
VisualStudioVersion = 16.0.31205.134
MinimumVisualStudioVersion = 10.0.40219.1
Project("{9A19103F-16F7-4668-BE54-9A1E7A4F7556}") = "FantasyFootballWebApp", "FantasyFootballWebApp\FantasyFootballWebApp.csproj", "{02F879A6-842C-4307-9145-1B7318BB0BC2}"
EndProject
Project("{9A19103F-16F7-4668-BE54-9A1E7A4F7556}") = "FantasyFootballAPI", "FantasyFootballAPI\FantasyFootballAPI.csproj", "{460F3101-ED16-4B5D-A16F-0867EC1D0DB5}"
EndProject
Project("{9A19103F-16F7-4668-BE54-9A1E7A4F7556}") = "FantasyFootballLibrary", "FantasyFootballLibrary\FantasyFootballLibrary.csproj", "{56687179-8598-4E9E-BF95-FAD3A5AF8811}"
EndProject
Project("{9A19103F-16F7-4668-BE54-9A1E7A4F7556}") = "FantasyFootballWebTests", "FantasyFootballWebTests\FantasyFootballWebTests.csproj", "{E1E696A2-4DF3-41AA-8F6A-3FE2BD605823}"
EndProject
Project("{FAE04EC0-301F-11D3-BF4B-00C04F79EFBC}") = "TeamsandPlayers.Tests", "TeamsandPlayers.Tests\TeamsandPlayers.Tests.csproj", "{E89AC7F4-EC95-4AEA-99A7-A579385E604E}"
EndProject
Global
	GlobalSection(SolutionConfigurationPlatforms) = preSolution
		Debug|Any CPU = Debug|Any CPU
		Release|Any CPU = Release|Any CPU
	EndGlobalSection
	GlobalSection(ProjectConfigurationPlatforms) = postSolution
		{02F879A6-842C-4307-9145-1B7318BB0BC2}.Debug|Any CPU.ActiveCfg = Debug|Any CPU
		{02F879A6-842C-4307-9145-1B7318BB0BC2}.Debug|Any CPU.Build.0 = Debug|Any CPU
		{02F879A6-842C-4307-9145-1B7318BB0BC2}.Release|Any CPU.ActiveCfg = Release|Any CPU
		{02F879A6-842C-4307-9145-1B7318BB0BC2}.Release|Any CPU.Build.0 = Release|Any CPU
		{460F3101-ED16-4B5D-A16F-0867EC1D0DB5}.Debug|Any CPU.ActiveCfg = Debug|Any CPU
		{460F3101-ED16-4B5D-A16F-0867EC1D0DB5}.Debug|Any CPU.Build.0 = Debug|Any CPU
		{460F3101-ED16-4B5D-A16F-0867EC1D0DB5}.Release|Any CPU.ActiveCfg = Release|Any CPU
		{460F3101-ED16-4B5D-A16F-0867EC1D0DB5}.Release|Any CPU.Build.0 = Release|Any CPU
		{56687179-8598-4E9E-BF95-FAD3A5AF8811}.Debug|Any CPU.ActiveCfg = Debug|Any CPU
		{56687179-8598-4E9E-BF95-FAD3A5AF8811}.Debug|Any CPU.Build.0 = Debug|Any CPU
		{56687179-8598-4E9E-BF95-FAD3A5AF8811}.Release|Any CPU.ActiveCfg = Release|Any CPU
		{56687179-8598-4E9E-BF95-FAD3A5AF8811}.Release|Any CPU.Build.0 = Release|Any CPU
		{E1E696A2-4DF3-41AA-8F6A-3FE2BD605823}.Debug|Any CPU.ActiveCfg = Debug|Any CPU
		{E1E696A2-4DF3-41AA-8F6A-3FE2BD605823}.Debug|Any CPU.Build.0 = Debug|Any CPU
		{E1E696A2-4DF3-41AA-8F6A-3FE2BD605823}.Release|Any CPU.ActiveCfg = Release|Any CPU
		{E1E696A2-4DF3-41AA-8F6A-3FE2BD605823}.Release|Any CPU.Build.0 = Release|Any CPU
		{E89AC7F4-EC95-4AEA-99A7-A579385E604E}.Debug|Any CPU.ActiveCfg = Debug|Any CPU
		{E89AC7F4-EC95-4AEA-99A7-A579385E604E}.Debug|Any CPU.Build.0 = Debug|Any CPU
		{E89AC7F4-EC95-4AEA-99A7-A579385E604E}.Release|Any CPU.ActiveCfg = Release|Any CPU
		{E89AC7F4-EC95-4AEA-99A7-A579385E604E}.Release|Any CPU.Build.0 = Release|Any CPU
	EndGlobalSection
	GlobalSection(SolutionProperties) = preSolution
		HideSolutionNode = FALSE
	EndGlobalSection
	GlobalSection(ExtensibilityGlobals) = postSolution
		SolutionGuid = {49BDFDB5-606D-43E0-B878-3B34FE07F0EF}
	EndGlobalSection
EndGlobal
